
Microsoft Visual Studio Solution File, Format Version 12.00
# Visual Studio Version 16
VisualStudioVersion = 16.0.31025.218
MinimumVisualStudioVersion = 10.0.40219.1
Project("{FAE04EC0-301F-11D3-BF4B-00C04F79EFBC}") = "CinemaWinClient", "CinemaWinClient\CinemaWinClient.csproj", "{1BB9E1E6-23B7-4C9D-9573-D801BFC7642E}"
EndProject
Global
	GlobalSection(SolutionConfigurationPlatforms) = preSolution
		Debug|Any CPU = Debug|Any CPU
		Release|Any CPU = Release|Any CPU
	EndGlobalSection
	GlobalSection(ProjectConfigurationPlatforms) = postSolution
		{1BB9E1E6-23B7-4C9D-9573-D801BFC7642E}.Debug|Any CPU.ActiveCfg = Debug|Any CPU
		{1BB9E1E6-23B7-4C9D-9573-D801BFC7642E}.Debug|Any CPU.Build.0 = Debug|Any CPU
		{1BB9E1E6-23B7-4C9D-9573-D801BFC7642E}.Release|Any CPU.ActiveCfg = Release|Any CPU
		{1BB9E1E6-23B7-4C9D-9573-D801BFC7642E}.Release|Any CPU.Build.0 = Release|Any CPU
	EndGlobalSection
	GlobalSection(SolutionProperties) = preSolution
		HideSolutionNode = FALSE
	EndGlobalSection
	GlobalSection(ExtensibilityGlobals) = postSolution
		SolutionGuid = {3BDE00DE-F3FC-4070-BF5B-DF0A32FC09DF}
	EndGlobalSection
EndGlobal
